
Microsoft Visual Studio Solution File, Format Version 12.00
# Visual Studio Version 17
VisualStudioVersion = 17.12.35707.178 d17.12
MinimumVisualStudioVersion = 10.0.40219.1
Project("{FAE04EC0-301F-11D3-BF4B-00C04F79EFBC}") = "EmployeeManagement", "EmployeeManagement\EmployeeManagement.csproj", "{D3F14DB8-2F6D-4FDB-931D-6FD3BDF9E61B}"
EndProject
Global
	GlobalSection(SolutionConfigurationPlatforms) = preSolution
		Debug|Any CPU = Debug|Any CPU
		Release|Any CPU = Release|Any CPU
	EndGlobalSection
	GlobalSection(ProjectConfigurationPlatforms) = postSolution
		{D3F14DB8-2F6D-4FDB-931D-6FD3BDF9E61B}.Debug|Any CPU.ActiveCfg = Debug|Any CPU
		{D3F14DB8-2F6D-4FDB-931D-6FD3BDF9E61B}.Debug|Any CPU.Build.0 = Debug|Any CPU
		{D3F14DB8-2F6D-4FDB-931D-6FD3BDF9E61B}.Release|Any CPU.ActiveCfg = Release|Any CPU
		{D3F14DB8-2F6D-4FDB-931D-6FD3BDF9E61B}.Release|Any CPU.Build.0 = Release|Any CPU
	EndGlobalSection
	GlobalSection(SolutionProperties) = preSolution
		HideSolutionNode = FALSE
	EndGlobalSection
EndGlobal
